
Microsoft Visual Studio Solution File, Format Version 12.00
# Visual Studio 15
VisualStudioVersion = 15.0.27428.2002
MinimumVisualStudioVersion = 10.0.40219.1
Project("{FAE04EC0-301F-11D3-BF4B-00C04F79EFBC}") = "Common", "Common\Common.csproj", "{66D18DE1-4D66-41A5-B0E2-47DF9975495A}"
EndProject
Project("{FAE04EC0-301F-11D3-BF4B-00C04F79EFBC}") = "BrowserCookieInterfaces", "BrowserCookieInterfaces\BrowserCookieInterfaces\BrowserCookieInterfaces.csproj", "{CDBBBF25-AD0C-4EAF-B673-EB0BB198585A}"
EndProject
Project("{FAE04EC0-301F-11D3-BF4B-00C04F79EFBC}") = "SitePlugin", "ISitePlugin\ISitePlugin\SitePlugin.csproj", "{C13BFDF0-3B93-475F-900E-E7BAD97ACE3D}"
EndProject
Project("{FAE04EC0-301F-11D3-BF4B-00C04F79EFBC}") = "Plugin", "IPlugin\IPlugin\Plugin.csproj", "{735CFEEE-5B77-4D36-977B-4CD94A6F3CDB}"
EndProject
Project("{FAE04EC0-301F-11D3-BF4B-00C04F79EFBC}") = "CommonTests", "CommonTests\CommonTests.csproj", "{6B9E81EA-A563-451C-B185-C7F62CDB8902}"
EndProject
Global
	GlobalSection(SolutionConfigurationPlatforms) = preSolution
		Debug|Any CPU = Debug|Any CPU
		Release|Any CPU = Release|Any CPU
	EndGlobalSection
	GlobalSection(ProjectConfigurationPlatforms) = postSolution
		{66D18DE1-4D66-41A5-B0E2-47DF9975495A}.Debug|Any CPU.ActiveCfg = Debug|Any CPU
		{66D18DE1-4D66-41A5-B0E2-47DF9975495A}.Debug|Any CPU.Build.0 = Debug|Any CPU
		{66D18DE1-4D66-41A5-B0E2-47DF9975495A}.Release|Any CPU.ActiveCfg = Release|Any CPU
		{66D18DE1-4D66-41A5-B0E2-47DF9975495A}.Release|Any CPU.Build.0 = Release|Any CPU
		{CDBBBF25-AD0C-4EAF-B673-EB0BB198585A}.Debug|Any CPU.ActiveCfg = Debug|Any CPU
		{CDBBBF25-AD0C-4EAF-B673-EB0BB198585A}.Debug|Any CPU.Build.0 = Debug|Any CPU
		{CDBBBF25-AD0C-4EAF-B673-EB0BB198585A}.Release|Any CPU.ActiveCfg = Release|Any CPU
		{CDBBBF25-AD0C-4EAF-B673-EB0BB198585A}.Release|Any CPU.Build.0 = Release|Any CPU
		{C13BFDF0-3B93-475F-900E-E7BAD97ACE3D}.Debug|Any CPU.ActiveCfg = Debug|Any CPU
		{C13BFDF0-3B93-475F-900E-E7BAD97ACE3D}.Debug|Any CPU.Build.0 = Debug|Any CPU
		{C13BFDF0-3B93-475F-900E-E7BAD97ACE3D}.Release|Any CPU.ActiveCfg = Release|Any CPU
		{C13BFDF0-3B93-475F-900E-E7BAD97ACE3D}.Release|Any CPU.Build.0 = Release|Any CPU
		{735CFEEE-5B77-4D36-977B-4CD94A6F3CDB}.Debug|Any CPU.ActiveCfg = Debug|Any CPU
		{735CFEEE-5B77-4D36-977B-4CD94A6F3CDB}.Debug|Any CPU.Build.0 = Debug|Any CPU
		{735CFEEE-5B77-4D36-977B-4CD94A6F3CDB}.Release|Any CPU.ActiveCfg = Release|Any CPU
		{735CFEEE-5B77-4D36-977B-4CD94A6F3CDB}.Release|Any CPU.Build.0 = Release|Any CPU
		{6B9E81EA-A563-451C-B185-C7F62CDB8902}.Debug|Any CPU.ActiveCfg = Debug|Any CPU
		{6B9E81EA-A563-451C-B185-C7F62CDB8902}.Debug|Any CPU.Build.0 = Debug|Any CPU
		{6B9E81EA-A563-451C-B185-C7F62CDB8902}.Release|Any CPU.ActiveCfg = Release|Any CPU
		{6B9E81EA-A563-451C-B185-C7F62CDB8902}.Release|Any CPU.Build.0 = Release|Any CPU
	EndGlobalSection
	GlobalSection(SolutionProperties) = preSolution
		HideSolutionNode = FALSE
	EndGlobalSection
	GlobalSection(ExtensibilityGlobals) = postSolution
		SolutionGuid = {D85C0BBD-301B-4734-885E-E0A6F4BE8F64}
	EndGlobalSection
EndGlobal
